
Microsoft Visual Studio Solution File, Format Version 12.00
# Visual Studio Version 16
VisualStudioVersion = 16.0.30114.105
MinimumVisualStudioVersion = 10.0.40219.1
Project("{FAE04EC0-301F-11D3-BF4B-00C04F79EFBC}") = "数组", "数组\数组.csproj", "{44E9EC5A-25EC-4F4F-B600-CE30F1BADFBC}"
EndProject
Project("{FAE04EC0-301F-11D3-BF4B-00C04F79EFBC}") = "链表", "链表\链表.csproj", "{E8D7EB3D-8B9B-4C01-A46A-B3774B4B3417}"
EndProject
Project("{FAE04EC0-301F-11D3-BF4B-00C04F79EFBC}") = "队列", "队列\队列.csproj", "{FDBD8893-621B-4AD5-8240-167CEE18B480}"
EndProject
Project("{FAE04EC0-301F-11D3-BF4B-00C04F79EFBC}") = "二叉树", "二叉树\二叉树.csproj", "{DB93DD16-931B-4189-85EE-BFB2D2017779}"
EndProject
Project("{FAE04EC0-301F-11D3-BF4B-00C04F79EFBC}") = "二叉堆", "二叉堆\二叉堆.csproj", "{171DE9C6-9885-43D3-A4D5-C9F3F73EA67C}"
EndProject
Project("{FAE04EC0-301F-11D3-BF4B-00C04F79EFBC}") = "二叉堆队列", "二叉堆队列\二叉堆队列.csproj", "{25C6A910-82BB-4719-A2A6-ECB3CB74A268}"
EndProject
Project("{FAE04EC0-301F-11D3-BF4B-00C04F79EFBC}") = "冒泡排序", "冒泡排序\冒泡排序.csproj", "{4AFFDA68-27ED-4E96-AFF0-29AA0533A98E}"
EndProject
Project("{FAE04EC0-301F-11D3-BF4B-00C04F79EFBC}") = "鸡尾酒排序", "鸡尾酒排序\鸡尾酒排序.csproj", "{DB676EEB-F9B3-4BDB-BC88-E38F1BAD9F2E}"
EndProject
Project("{FAE04EC0-301F-11D3-BF4B-00C04F79EFBC}") = "快速排序", "快速排序\快速排序.csproj", "{1BBECBD1-FD4D-433B-99AD-139A7C9FBE31}"
EndProject
Project("{FAE04EC0-301F-11D3-BF4B-00C04F79EFBC}") = "堆排序", "堆排序\堆排序.csproj", "{32395834-98FA-4760-8CC8-B8D1E4BA1B5A}"
EndProject
Global
	GlobalSection(SolutionConfigurationPlatforms) = preSolution
		Debug|Any CPU = Debug|Any CPU
		Release|Any CPU = Release|Any CPU
	EndGlobalSection
	GlobalSection(SolutionProperties) = preSolution
		HideSolutionNode = FALSE
	EndGlobalSection
	GlobalSection(ProjectConfigurationPlatforms) = postSolution
		{44E9EC5A-25EC-4F4F-B600-CE30F1BADFBC}.Debug|Any CPU.ActiveCfg = Debug|Any CPU
		{44E9EC5A-25EC-4F4F-B600-CE30F1BADFBC}.Debug|Any CPU.Build.0 = Debug|Any CPU
		{44E9EC5A-25EC-4F4F-B600-CE30F1BADFBC}.Release|Any CPU.ActiveCfg = Release|Any CPU
		{44E9EC5A-25EC-4F4F-B600-CE30F1BADFBC}.Release|Any CPU.Build.0 = Release|Any CPU
		{E8D7EB3D-8B9B-4C01-A46A-B3774B4B3417}.Debug|Any CPU.ActiveCfg = Debug|Any CPU
		{E8D7EB3D-8B9B-4C01-A46A-B3774B4B3417}.Debug|Any CPU.Build.0 = Debug|Any CPU
		{E8D7EB3D-8B9B-4C01-A46A-B3774B4B3417}.Release|Any CPU.ActiveCfg = Release|Any CPU
		{E8D7EB3D-8B9B-4C01-A46A-B3774B4B3417}.Release|Any CPU.Build.0 = Release|Any CPU
		{FDBD8893-621B-4AD5-8240-167CEE18B480}.Debug|Any CPU.ActiveCfg = Debug|Any CPU
		{FDBD8893-621B-4AD5-8240-167CEE18B480}.Debug|Any CPU.Build.0 = Debug|Any CPU
		{FDBD8893-621B-4AD5-8240-167CEE18B480}.Release|Any CPU.ActiveCfg = Release|Any CPU
		{FDBD8893-621B-4AD5-8240-167CEE18B480}.Release|Any CPU.Build.0 = Release|Any CPU
		{DB93DD16-931B-4189-85EE-BFB2D2017779}.Debug|Any CPU.ActiveCfg = Debug|Any CPU
		{DB93DD16-931B-4189-85EE-BFB2D2017779}.Debug|Any CPU.Build.0 = Debug|Any CPU
		{DB93DD16-931B-4189-85EE-BFB2D2017779}.Release|Any CPU.ActiveCfg = Release|Any CPU
		{DB93DD16-931B-4189-85EE-BFB2D2017779}.Release|Any CPU.Build.0 = Release|Any CPU
		{171DE9C6-9885-43D3-A4D5-C9F3F73EA67C}.Debug|Any CPU.ActiveCfg = Debug|Any CPU
		{171DE9C6-9885-43D3-A4D5-C9F3F73EA67C}.Debug|Any CPU.Build.0 = Debug|Any CPU
		{171DE9C6-9885-43D3-A4D5-C9F3F73EA67C}.Release|Any CPU.ActiveCfg = Release|Any CPU
		{171DE9C6-9885-43D3-A4D5-C9F3F73EA67C}.Release|Any CPU.Build.0 = Release|Any CPU
		{25C6A910-82BB-4719-A2A6-ECB3CB74A268}.Debug|Any CPU.ActiveCfg = Debug|Any CPU
		{25C6A910-82BB-4719-A2A6-ECB3CB74A268}.Debug|Any CPU.Build.0 = Debug|Any CPU
		{25C6A910-82BB-4719-A2A6-ECB3CB74A268}.Release|Any CPU.ActiveCfg = Release|Any CPU
		{25C6A910-82BB-4719-A2A6-ECB3CB74A268}.Release|Any CPU.Build.0 = Release|Any CPU
		{4AFFDA68-27ED-4E96-AFF0-29AA0533A98E}.Debug|Any CPU.ActiveCfg = Debug|Any CPU
		{4AFFDA68-27ED-4E96-AFF0-29AA0533A98E}.Debug|Any CPU.Build.0 = Debug|Any CPU
		{4AFFDA68-27ED-4E96-AFF0-29AA0533A98E}.Release|Any CPU.ActiveCfg = Release|Any CPU
		{4AFFDA68-27ED-4E96-AFF0-29AA0533A98E}.Release|Any CPU.Build.0 = Release|Any CPU
		{DB676EEB-F9B3-4BDB-BC88-E38F1BAD9F2E}.Debug|Any CPU.ActiveCfg = Debug|Any CPU
		{DB676EEB-F9B3-4BDB-BC88-E38F1BAD9F2E}.Debug|Any CPU.Build.0 = Debug|Any CPU
		{DB676EEB-F9B3-4BDB-BC88-E38F1BAD9F2E}.Release|Any CPU.ActiveCfg = Release|Any CPU
		{DB676EEB-F9B3-4BDB-BC88-E38F1BAD9F2E}.Release|Any CPU.Build.0 = Release|Any CPU
		{1BBECBD1-FD4D-433B-99AD-139A7C9FBE31}.Debug|Any CPU.ActiveCfg = Debug|Any CPU
		{1BBECBD1-FD4D-433B-99AD-139A7C9FBE31}.Debug|Any CPU.Build.0 = Debug|Any CPU
		{1BBECBD1-FD4D-433B-99AD-139A7C9FBE31}.Release|Any CPU.ActiveCfg = Release|Any CPU
		{1BBECBD1-FD4D-433B-99AD-139A7C9FBE31}.Release|Any CPU.Build.0 = Release|Any CPU
		{32395834-98FA-4760-8CC8-B8D1E4BA1B5A}.Debug|Any CPU.ActiveCfg = Debug|Any CPU
		{32395834-98FA-4760-8CC8-B8D1E4BA1B5A}.Debug|Any CPU.Build.0 = Debug|Any CPU
		{32395834-98FA-4760-8CC8-B8D1E4BA1B5A}.Release|Any CPU.ActiveCfg = Release|Any CPU
		{32395834-98FA-4760-8CC8-B8D1E4BA1B5A}.Release|Any CPU.Build.0 = Release|Any CPU
	EndGlobalSection
EndGlobal
